
Microsoft Visual Studio Solution File, Format Version 12.00
# Visual Studio 15
Project("{FAE04EC0-301F-11D3-BF4B-00C04F79EFBC}") = "Assembly-CSharp", "Assembly-CSharp.csproj", "{156AF242-F41E-CD81-ABF2-6A0F14CAD0CF}"
EndProject
Project("{FAE04EC0-301F-11D3-BF4B-00C04F79EFBC}") = "Assembly-CSharp-Editor", "Assembly-CSharp-Editor.csproj", "{4481296F-AFF7-C705-79AB-646F6BA350FD}"
EndProject
Global
	GlobalSection(SolutionConfigurationPlatforms) = preSolution
		Debug|Any CPU = Debug|Any CPU
		Release|Any CPU = Release|Any CPU
	EndGlobalSection
	GlobalSection(ProjectConfigurationPlatforms) = postSolution
		{156AF242-F41E-CD81-ABF2-6A0F14CAD0CF}.Debug|Any CPU.ActiveCfg = Debug|Any CPU
		{156AF242-F41E-CD81-ABF2-6A0F14CAD0CF}.Debug|Any CPU.Build.0 = Debug|Any CPU
		{156AF242-F41E-CD81-ABF2-6A0F14CAD0CF}.Release|Any CPU.ActiveCfg = Release|Any CPU
		{156AF242-F41E-CD81-ABF2-6A0F14CAD0CF}.Release|Any CPU.Build.0 = Release|Any CPU
		{4481296F-AFF7-C705-79AB-646F6BA350FD}.Debug|Any CPU.ActiveCfg = Debug|Any CPU
		{4481296F-AFF7-C705-79AB-646F6BA350FD}.Debug|Any CPU.Build.0 = Debug|Any CPU
		{4481296F-AFF7-C705-79AB-646F6BA350FD}.Release|Any CPU.ActiveCfg = Release|Any CPU
		{4481296F-AFF7-C705-79AB-646F6BA350FD}.Release|Any CPU.Build.0 = Release|Any CPU
	EndGlobalSection
	GlobalSection(SolutionProperties) = preSolution
		HideSolutionNode = FALSE
	EndGlobalSection
EndGlobal
